
Microsoft Visual Studio Solution File, Format Version 12.00
# Visual Studio Version 16
VisualStudioVersion = 16.0.33927.289
MinimumVisualStudioVersion = 10.0.40219.1
Project("{FAE04EC0-301F-11D3-BF4B-00C04F79EFBC}") = "WFDotNetGravarDadosMySQL_Tiago", "WFDotNetGravarDadosMySQL_Tiago\WFDotNetGravarDadosMySQL_Tiago.csproj", "{6208CBBC-D181-4256-9D83-E36551A64170}"
EndProject
Global
	GlobalSection(SolutionConfigurationPlatforms) = preSolution
		Debug|Any CPU = Debug|Any CPU
		Release|Any CPU = Release|Any CPU
	EndGlobalSection
	GlobalSection(ProjectConfigurationPlatforms) = postSolution
		{6208CBBC-D181-4256-9D83-E36551A64170}.Debug|Any CPU.ActiveCfg = Debug|Any CPU
		{6208CBBC-D181-4256-9D83-E36551A64170}.Debug|Any CPU.Build.0 = Debug|Any CPU
		{6208CBBC-D181-4256-9D83-E36551A64170}.Release|Any CPU.ActiveCfg = Release|Any CPU
		{6208CBBC-D181-4256-9D83-E36551A64170}.Release|Any CPU.Build.0 = Release|Any CPU
	EndGlobalSection
	GlobalSection(SolutionProperties) = preSolution
		HideSolutionNode = FALSE
	EndGlobalSection
	GlobalSection(ExtensibilityGlobals) = postSolution
		SolutionGuid = {E781097E-DE63-4395-BF8D-D1E5F23EFD1F}
	EndGlobalSection
EndGlobal
